// !$*UTF8*$!
{
	archiveVersion = 1;
	classes = {
	};
	objectVersion = 50;
	objects = {

/* Begin PBXBuildFile section */
		043E61222188349A0015BC80 /* AppDelegate.m in Sources */ = {isa = PBXBuildFile; fileRef = 043E61212188349A0015BC80 /* AppDelegate.m */; };
		043E61252188349A0015BC80 /* ViewController.m in Sources */ = {isa = PBXBuildFile; fileRef = 043E61242188349A0015BC80 /* ViewController.m */; };
		043E61282188349A0015BC80 /* Main.storyboard in Resources */ = {isa = PBXBuildFile; fileRef = 043E61262188349A0015BC80 /* Main.storyboard */; };
		043E612A2188349C0015BC80 /* Assets.xcassets in Resources */ = {isa = PBXBuildFile; fileRef = 043E61292188349C0015BC80 /* Assets.xcassets */; };
		043E612D2188349C0015BC80 /* LaunchScreen.storyboard in Resources */ = {isa = PBXBuildFile; fileRef = 043E612B2188349C0015BC80 /* LaunchScreen.storyboard */; };
		043E61302188349C0015BC80 /* main.m in Sources */ = {isa = PBXBuildFile; fileRef = 043E612F2188349C0015BC80 /* main.m */; };
/* End PBXBuildFile section */

/* Begin PBXFileReference section */
		043E611D2188349A0015BC80 /* WebKitDemo.app */ = {isa = PBXFileReference; explicitFileType = wrapper.application; includeInIndex = 0; path = WebKitDemo.app; sourceTree = BUILT_PRODUCTS_DIR; };
		043E61202188349A0015BC80 /* AppDelegate.h */ = {isa = PBXFileReference; lastKnownFileType = sourcecode.c.h; path = AppDelegate.h; sourceTree = "<group>"; };
		043E61212188349A0015BC80 /* AppDelegate.m */ = {isa = PBXFileReference; lastKnownFileType = sourcecode.c.objc; path = AppDelegate.m; sourceTree = "<group>"; };
		043E61232188349A0015BC80 /* ViewController.h */ = {isa = PBXFileReference; lastKnownFileType = sourcecode.c.h; path = ViewController.h; sourceTree = "<group>"; };
		043E61242188349A0015BC80 /* ViewController.m */ = {isa = PBXFileReference; lastKnownFileType = sourcecode.c.objc; path = ViewController.m; sourceTree = "<group>"; };
		043E61272188349A0015BC80 /* Base */ = {isa = PBXFileReference; lastKnownFileType = file.storyboard; name = Base; path = Base.lproj/Main.storyboard; sourceTree = "<group>"; };
		043E61292188349C0015BC80 /* Assets.xcassets */ = {isa = PBXFileReference; lastKnownFileType = folder.assetcatalog; path = Assets.xcassets; sourceTree = "<group>"; };
		043E612C2188349C0015BC80 /* Base */ = {isa = PBXFileReference; lastKnownFileType = file.storyboard; name = Base; path = Base.lproj/LaunchScreen.storyboard; sourceTree = "<group>"; };
		043E612E2188349C0015BC80 /* Info.plist */ = {isa = PBXFileReference; lastKnownFileType = text.plist.xml; path = Info.plist; sourceTree = "<group>"; };
		043E612F2188349C0015BC80 /* main.m */ = {isa = PBXFileReference; lastKnownFileType = sourcecode.c.objc; path = main.m; sourceTree = "<group>"; };
/* End PBXFileReference section */

/* Begin PBXFrameworksBuildPhase section */
		043E611A2188349A0015BC80 /* Frameworks */ = {
			isa = PBXFrameworksBuildPhase;
			buildActionMask = 2147483647;
			files = (
			);
			runOnlyForDeploymentPostprocessing = 0;
		};
/* End PBXFrameworksBuildPhase section */

/* Begin PBXGroup section */
		043E61142188349A0015BC80 = {
			isa = PBXGroup;
			children = (
				043E611F2188349A0015BC80 /* WebKitDemo */,
				043E611E2188349A0015BC80 /* Products */,
			);
			sourceTree = "<group>";
		};
		043E611E2188349A0015BC80 /* Products */ = {
			isa = PBXGroup;
			children = (
				043E611D2188349A0015BC80 /* WebKitDemo.app */,
			);
			name = Products;
			sourceTree = "<group>";
		};
		043E611F2188349A0015BC80 /* WebKitDemo */ = {
			isa = PBXGroup;
			children = (
				043E61202188349A0015BC80 /* AppDelegate.h */,
				043E61212188349A0015BC80 /* AppDelegate.m */,
				043E61232188349A0015BC80 /* ViewController.h */,
				043E61242188349A0015BC80 /* ViewController.m */,
				043E61262188349A0015BC80 /* Main.storyboard */,
				043E61292188349C0015BC80 /* Assets.xcassets */,
				043E612B2188349C0015BC80 /* LaunchScreen.storyboard */,
				043E612E2188349C0015BC80 /* Info.plist */,
				043E612F2188349C0015BC80 /* main.m */,
			);
			path = WebKitDemo;
			sourceTree = "<group>";
		};
/* End PBXGroup section */

/* Begin PBXNativeTarget section */
		043E611C2188349A0015BC80 /* WebKitDemo */ = {
			isa = PBXNativeTarget;
			buildConfigurationList = 043E61332188349C0015BC80 /* Build configuration list for PBXNativeTarget "WebKitDemo" */;
			buildPhases = (
				043E61192188349A0015BC80 /* Sources */,
				043E611A2188349A0015BC80 /* Frameworks */,
				043E611B2188349A0015BC80 /* Resources */,
			);
			buildRules = (
			);
			dependencies = (
			);
			name = WebKitDemo;
			productName = WebKitDemo;
			productReference = 043E611D2188349A0015BC80 /* WebKitDemo.app */;
			productType = "com.apple.product-type.application";
		};
/* End PBXNativeTarget section */

/* Begin PBXProject section */
		043E61152188349A0015BC80 /* Project object */ = {
			isa = PBXProject;
			attributes = {
				LastUpgradeCheck = 0930;
				ORGANIZATIONNAME = zhihuiketang;
				TargetAttributes = {
					043E611C2188349A0015BC80 = {
						CreatedOnToolsVersion = 9.3;
					};
				};
			};
			buildConfigurationList = 043E61182188349A0015BC80 /* Build configuration list for PBXProject "WebKitDemo" */;
			compatibilityVersion = "Xcode 9.3";
			developmentRegion = en;
			hasScannedForEncodings = 0;
			knownRegions = (
				en,
				Base,
			);
			mainGroup = 043E61142188349A0015BC80;
			productRefGroup = 043E611E2188349A0015BC80 /* Products */;
			projectDirPath = "";
			projectRoot = "";
			targets = (
				043E611C2188349A0015BC80 /* WebKitDemo */,
			);
		};
/* End PBXProject section */

/* Begin PBXResourcesBuildPhase section */
		043E611B2188349A0015BC80 /* Resources */ = {
			isa = PBXResourcesBuildPhase;
			buildActionMask = 2147483647;
			files = (
				043E612D2188349C0015BC80 /* LaunchScreen.storyboard in Resources */,
				043E612A2188349C0015BC80 /* Assets.xcassets in Resources */,
				043E61282188349A0015BC80 /* Main.storyboard in Resources */,
			);
			runOnlyForDeploymentPostprocessing = 0;
		};
/* End PBXResourcesBuildPhase section */

/* Begin PBXSourcesBuildPhase section */
		043E61192188349A0015BC80 /* Sources */ = {
			isa = PBXSourcesBuildPhase;
			buildActionMask = 2147483647;
			files = (
				043E61252188349A0015BC80 /* ViewController.m in Sources */,
				043E61302188349C0015BC80 /* main.m in Sources */,
				043E61222188349A0015BC80 /* AppDelegate.m in Sources */,
			);
			runOnlyForDeploymentPostprocessing = 0;
		};
/* End PBXSourcesBuildPhase section */

/* Begin PBXVariantGroup section */
		043E61262188349A0015BC80 /* Main.storyboard */ = {
			isa = PBXVariantGroup;
			children = (
				043E61272188349A0015BC80 /* Base */,
			);
			name = Main.storyboard;
			sourceTree = "<group>";
		};
		043E612B2188349C0015BC80 /* LaunchScreen.storyboard */ = {
			isa = PBXVariantGroup;
			children = (
				043E612C2188349C0015BC80 /* Base */,
			);
			name = LaunchScreen.storyboard;
			sourceTree = "<group>";
		};
/* End PBXVariantGroup section */

/* Begin XCBuildConfiguration section */
		043E61312188349C0015BC80 /* Debug */ = {
			isa = XCBuildConfiguration;
			buildSettings = {
				ALWAYS_SEARCH_USER_PATHS = NO;
				CLANG_ANALYZER_NONNULL = YES;
				CLANG_ANALYZER_NUMBER_OBJECT_CONVERSION = YES_AGGRESSIVE;
				CLANG_CXX_LANGUAGE_STANDARD = "gnu++14";
				CLANG_CXX_LIBRARY = "libc++";
				CLANG_ENABLE_MODULES = YES;
				CLANG_ENABLE_OBJC_ARC = YES;
				CLANG_ENABLE_OBJC_WEAK = YES;
				CLANG_WARN_BLOCK_CAPTURE_AUTORELEASING = YES;
				CLANG_WARN_BOOL_CONVERSION = YES;
				CLANG_WARN_COMMA = YES;
				CLANG_WARN_CONSTANT_CONVERSION = YES;
				CLANG_WARN_DEPRECATED_OBJC_IMPLEMENTATIONS = YES;
				CLANG_WARN_DIRECT_OBJC_ISA_USAGE = YES_ERROR;
				CLANG_WARN_DOCUMENTATION_COMMENTS = YES;
				CLANG_WARN_EMPTY_BODY = YES;
				CLANG_WARN_ENUM_CONVERSION = YES;
				CLANG_WARN_INFINITE_RECURSION = YES;
				CLANG_WARN_INT_CONVERSION = YES;
				CLANG_WARN_NON_LITERAL_NULL_CONVERSION = YES;
				CLANG_WARN_OBJC_IMPLICIT_RETAIN_SELF = YES;
				CLANG_WARN_OBJC_LITERAL_CONVERSION = YES;
				CLANG_WARN_OBJC_ROOT_CLASS = YES_ERROR;
				CLANG_WARN_RANGE_LOOP_ANALYSIS = YES;
				CLANG_WARN_STRICT_PROTOTYPES = YES;
				CLANG_WARN_SUSPICIOUS_MOVE = YES;
				CLANG_WARN_UNGUARDED_AVAILABILITY = YES_AGGRESSIVE;
				CLANG_WARN_UNREACHABLE_CODE = YES;
				CLANG_WARN__DUPLICATE_METHOD_MATCH = YES;
				CODE_SIGN_IDENTITY = "iPhone Developer";
				COPY_PHASE_STRIP = NO;
				DEBUG_INFORMATION_FORMAT = dwarf;
				ENABLE_STRICT_OBJC_MSGSEND = YES;
				ENABLE_TESTABILITY = YES;
				GCC_C_LANGUAGE_STANDARD = gnu11;
				GCC_DYNAMIC_NO_PIC = NO;
				GCC_NO_COMMON_BLOCKS = YES;
				GCC_OPTIMIZATION_LEVEL = 0;
				GCC_PREPROCESSOR_DEFINITIONS = (
					"DEBUG=1",
					"$(inherited)",
				);
				GCC_WARN_64_TO_32_BIT_CONVERSION = YES;
				GCC_WARN_ABOUT_RETURN_TYPE = YES_ERROR;
				GCC_WARN_UNDECLARED_SELECTOR = YES;
				GCC_WARN_UNINITIALIZED_AUTOS = YES_AGGRESSIVE;
				GCC_WARN_UNUSED_FUNCTION = YES;
				GCC_WARN_UNUSED_VARIABLE = YES;
				IPHONEOS_DEPLOYMENT_TARGET = 11.3;
				MTL_ENABLE_DEBUG_INFO = YES;
				ONLY_ACTIVE_ARCH = YES;
				SDKROOT = iphoneos;
			};
			name = Debug;
		};
		043E61322188349C0015BC80 /* Release */ = {
			isa = XCBuildConfiguration;
			buildSettings = {
				ALWAYS_SEARCH_USER_PATHS = NO;
				CLANG_ANALYZER_NONNULL = YES;
				CLANG_ANALYZER_NUMBER_OBJECT_CONVERSION = YES_AGGRESSIVE;
				CLANG_CXX_LANGUAGE_STANDARD = "gnu++14";
				CLANG_CXX_LIBRARY = "libc++";
				CLANG_ENABLE_MODULES = YES;
				CLANG_ENABLE_OBJC_ARC = YES;
				CLANG_ENABLE_OBJC_WEAK = YES;
				CLANG_WARN_BLOCK_CAPTURE_AUTORELEASING = YES;
				CLANG_WARN_BOOL_CONVERSION = YES;
				CLANG_WARN_COMMA = YES;
				CLANG_WARN_CONSTANT_CONVERSION = YES;
				CLANG_WARN_DEPRECATED_OBJC_IMPLEMENTATIONS = YES;
				CLANG_WARN_DIRECT_OBJC_ISA_USAGE = YES_ERROR;
				CLANG_WARN_DOCUMENTATION_COMMENTS = YES;
				CLANG_WARN_EMPTY_BODY = YES;
				CLANG_WARN_ENUM_CONVERSION = YES;
				CLANG_WARN_INFINITE_RECURSION = YES;
				CLANG_WARN_INT_CONVERSION = YES;
				CLANG_WARN_NON_LITERAL_NULL_CONVERSION = YES;
				CLANG_WARN_OBJC_IMPLICIT_RETAIN_SELF = YES;
				CLANG_WARN_OBJC_LITERAL_CONVERSION = YES;
				CLANG_WARN_OBJC_ROOT_CLASS = YES_ERROR;
				CLANG_WARN_RANGE_LOOP_ANALYSIS = YES;
				CLANG_WARN_STRICT_PROTOTYPES = YES;
				CLANG_WARN_SUSPICIOUS_MOVE = YES;
				CLANG_WARN_UNGUARDED_AVAILABILITY = YES_AGGRESSIVE;
				CLANG_WARN_UNREACHABLE_CODE = YES;
				CLANG_WARN__DUPLICATE_METHOD_MATCH = YES;
				CODE_SIGN_IDENTITY = "iPhone Developer";
				COPY_PHASE_STRIP = NO;
				DEBUG_INFORMATION_FORMAT = "dwarf-with-dsym";
				ENABLE_NS_ASSERTIONS = NO;
				ENABLE_STRICT_OBJC_MSGSEND = YES;
				GCC_C_LANGUAGE_STANDARD = gnu11;
				GCC_NO_COMMON_BLOCKS = YES;
				GCC_WARN_64_TO_32_BIT_CONVERSION = YES;
				GCC_WARN_ABOUT_RETURN_TYPE = YES_ERROR;
				GCC_WARN_UNDECLARED_SELECTOR = YES;
				GCC_WARN_UNINITIALIZED_AUTOS = YES_AGGRESSIVE;
				GCC_WARN_UNUSED_FUNCTION = YES;
				GCC_WARN_UNUSED_VARIABLE = YES;
				IPHONEOS_DEPLOYMENT_TARGET = 11.3;
				MTL_ENABLE_DEBUG_INFO = NO;
				SDKROOT = iphoneos;
				VALIDATE_PRODUCT = YES;
			};
			name = Release;
		};
		043E61342188349C0015BC80 /* Debug */ = {
			isa = XCBuildConfiguration;
			buildSettings = {
				ASSETCATALOG_COMPILER_APPICON_NAME = AppIcon;
				CODE_SIGN_STYLE = Automatic;
				DEVELOPMENT_TEAM = 9CGEWW2EV8;
				INFOPLIST_FILE = WebKitDemo/Info.plist;
				LD_RUNPATH_SEARCH_PATHS = (
					"$(inherited)",
					"@executable_path/Frameworks",
				);
				PRODUCT_BUNDLE_IDENTIFIER = qingxue.WebKitDemo;
				PRODUCT_NAME = "$(TARGET_NAME)";
				TARGETED_DEVICE_FAMILY = "1,2";
			};
			name = Debug;
		};
		043E61352188349C0015BC80 /* Release */ = {
			isa = XCBuildConfiguration;
			buildSettings = {
				ASSETCATALOG_COMPILER_APPICON_NAME = AppIcon;
				CODE_SIGN_STYLE = Automatic;
				DEVELOPMENT_TEAM = 9CGEWW2EV8;
				INFOPLIST_FILE = WebKitDemo/Info.plist;
				LD_RUNPATH_SEARCH_PATHS = (
					"$(inherited)",
					"@executable_path/Frameworks",
				);
				PRODUCT_BUNDLE_IDENTIFIER = qingxue.WebKitDemo;
				PRODUCT_NAME = "$(TARGET_NAME)";
				TARGETED_DEVICE_FAMILY = "1,2";
			};
			name = Release;
		};
/* End XCBuildConfiguration section */

/* Begin XCConfigurationList section */
		043E61182188349A0015BC80 /* Build configuration list for PBXProject "WebKitDemo" */ = {
			isa = XCConfigurationList;
			buildConfigurations = (
				043E61312188349C0015BC80 /* Debug */,
				043E61322188349C0015BC80 /* Release */,
			);
			defaultConfigurationIsVisible = 0;
			defaultConfigurationName = Release;
		};
		043E61332188349C0015BC80 /* Build configuration list for PBXNativeTarget "WebKitDemo" */ = {
			isa = XCConfigurationList;
			buildConfigurations = (
				043E61342188349C0015BC80 /* Debug */,
				043E61352188349C0015BC80 /* Release */,
			);
			defaultConfigurationIsVisible = 0;
			defaultConfigurationName = Release;
		};
/* End XCConfigurationList section */
	};
	rootObject = 043E61152188349A0015BC80 /* Project object */;
}
